
Microsoft Visual Studio Solution File, Format Version 12.00
# Visual Studio Version 17
VisualStudioVersion = 17.4.33205.214
MinimumVisualStudioVersion = 10.0.40219.1
Project("{FAE04EC0-301F-11D3-BF4B-00C04F79EFBC}") = "Rssi_Printer", "Rssi_Printer.csproj", "{21919AEF-CF87-4BB6-A898-01C7B04392B1}"
EndProject
Global
	GlobalSection(SolutionConfigurationPlatforms) = preSolution
		Debug|Any CPU = Debug|Any CPU
		Release|Any CPU = Release|Any CPU
	EndGlobalSection
	GlobalSection(ProjectConfigurationPlatforms) = postSolution
		{21919AEF-CF87-4BB6-A898-01C7B04392B1}.Debug|Any CPU.ActiveCfg = Debug|Any CPU
		{21919AEF-CF87-4BB6-A898-01C7B04392B1}.Debug|Any CPU.Build.0 = Debug|Any CPU
		{21919AEF-CF87-4BB6-A898-01C7B04392B1}.Release|Any CPU.ActiveCfg = Release|Any CPU
		{21919AEF-CF87-4BB6-A898-01C7B04392B1}.Release|Any CPU.Build.0 = Release|Any CPU
	EndGlobalSection
	GlobalSection(SolutionProperties) = preSolution
		HideSolutionNode = FALSE
	EndGlobalSection
	GlobalSection(ExtensibilityGlobals) = postSolution
		SolutionGuid = {5042AB52-AF3A-43BA-A9A5-831538E5B471}
	EndGlobalSection
EndGlobal
